<?xml version="1.0" encoding="UTF-8" standalone="yes" ?>
<CodeBlocks_project_file>
	<FileVersion major="1" minor="6" />
	<Project>
		<Option title="DoI" />
		<Option pch_mode="2" />
		<Option compiler="gcc" />
		<Build>
			<Target title="Debug">
				<Option output="bin/Debug/DoI" prefix_auto="1" extension_auto="1" />
				<Option object_output="obj/Debug/" />
				<Option type="1" />
				<Option compiler="gcc" />
				<Compiler>
					<Add option="-g" />
				</Compiler>
			</Target>
			<Target title="Release">
				<Option output="bin/Release/DoI" prefix_auto="1" extension_auto="1" />
				<Option object_output="obj/Release/" />
				<Option type="1" />
				<Option compiler="gcc" />
				<Compiler>
					<Add option="-O3" />
				</Compiler>
				<Linker>
					<Add option="-s" />
				</Linker>
			</Target>
		</Build>
		<Compiler>
			<Add option="-Wall" />
			<Add option="-fexceptions" />
		</Compiler>
		<Unit filename="include/CExeptions.h" />
		<Unit filename="include/cBlock.cpp" />
		<Unit filename="include/cBlock.h" />
		<Unit filename="include/cConstants.cpp" />
		<Unit filename="include/cConstants.h" />
		<Unit filename="include/cData.h" />
		<Unit filename="include/cField.hpp" />
		<Unit filename="include/cMaterial.cpp" />
		<Unit filename="include/cMaterial.h" />
		<Unit filename="include/cSimulation.cpp" />
		<Unit filename="include/cSimulation.hpp" />
		<Unit filename="include/global.h" />
		<Unit filename="include/gui/gui.ui" />
		<Unit filename="include/tFunctors.hpp" />
		<Unit filename="main.cpp" />
		<Extensions>
			<code_completion />
			<debugger />
			<envvars />
		</Extensions>
	</Project>
</CodeBlocks_project_file>
